// !$*UTF8*$!
{
	archiveVersion = 1;
	classes = {
	};
	objectVersion = 48;
	objects = {

/* Begin PBXBuildFile section */
		048CD23121118A9E00A926AD /* AppDelegate.swift in Sources */ = {isa = PBXBuildFile; fileRef = 048CD23021118A9E00A926AD /* AppDelegate.swift */; };
		048CD23321118A9E00A926AD /* ViewController.swift in Sources */ = {isa = PBXBuildFile; fileRef = 048CD23221118A9E00A926AD /* ViewController.swift */; };
		048CD23621118A9E00A926AD /* Main.storyboard in Resources */ = {isa = PBXBuildFile; fileRef = 048CD23421118A9E00A926AD /* Main.storyboard */; };
		048CD23821118A9E00A926AD /* Assets.xcassets in Resources */ = {isa = PBXBuildFile; fileRef = 048CD23721118A9E00A926AD /* Assets.xcassets */; };
		048CD23B21118A9E00A926AD /* LaunchScreen.storyboard in Resources */ = {isa = PBXBuildFile; fileRef = 048CD23921118A9E00A926AD /* LaunchScreen.storyboard */; };
		048CD24621118F7000A926AD /* TableViewCell.swift in Sources */ = {isa = PBXBuildFile; fileRef = 048CD24521118F7000A926AD /* TableViewCell.swift */; };
		048CD24921118FEC00A926AD /* placeholder-filled-point.png in Resources */ = {isa = PBXBuildFile; fileRef = 048CD24821118FEC00A926AD /* placeholder-filled-point.png */; };
		048CD24B2111903600A926AD /* if_6_2300997.png in Resources */ = {isa = PBXBuildFile; fileRef = 048CD24A2111903600A926AD /* if_6_2300997.png */; };
/* End PBXBuildFile section */

/* Begin PBXFileReference section */
		048CD22D21118A9E00A926AD /* newshopapp.app */ = {isa = PBXFileReference; explicitFileType = wrapper.application; includeInIndex = 0; path = newshopapp.app; sourceTree = BUILT_PRODUCTS_DIR; };
		048CD23021118A9E00A926AD /* AppDelegate.swift */ = {isa = PBXFileReference; lastKnownFileType = sourcecode.swift; path = AppDelegate.swift; sourceTree = "<group>"; };
		048CD23221118A9E00A926AD /* ViewController.swift */ = {isa = PBXFileReference; lastKnownFileType = sourcecode.swift; path = ViewController.swift; sourceTree = "<group>"; };
		048CD23521118A9E00A926AD /* Base */ = {isa = PBXFileReference; lastKnownFileType = file.storyboard; name = Base; path = Base.lproj/Main.storyboard; sourceTree = "<group>"; };
		048CD23721118A9E00A926AD /* Assets.xcassets */ = {isa = PBXFileReference; lastKnownFileType = folder.assetcatalog; path = Assets.xcassets; sourceTree = "<group>"; };
		048CD23A21118A9E00A926AD /* Base */ = {isa = PBXFileReference; lastKnownFileType = file.storyboard; name = Base; path = Base.lproj/LaunchScreen.storyboard; sourceTree = "<group>"; };
		048CD23C21118A9E00A926AD /* Info.plist */ = {isa = PBXFileReference; lastKnownFileType = text.plist.xml; path = Info.plist; sourceTree = "<group>"; };
		048CD24521118F7000A926AD /* TableViewCell.swift */ = {isa = PBXFileReference; lastKnownFileType = sourcecode.swift; path = TableViewCell.swift; sourceTree = "<group>"; };
		048CD24821118FEC00A926AD /* placeholder-filled-point.png */ = {isa = PBXFileReference; lastKnownFileType = image.png; path = "placeholder-filled-point.png"; sourceTree = "<group>"; };
		048CD24A2111903600A926AD /* if_6_2300997.png */ = {isa = PBXFileReference; lastKnownFileType = image.png; path = if_6_2300997.png; sourceTree = "<group>"; };
/* End PBXFileReference section */

/* Begin PBXFrameworksBuildPhase section */
		048CD22A21118A9E00A926AD /* Frameworks */ = {
			isa = PBXFrameworksBuildPhase;
			buildActionMask = 2147483647;
			files = (
			);
			runOnlyForDeploymentPostprocessing = 0;
		};
/* End PBXFrameworksBuildPhase section */

/* Begin PBXGroup section */
		048CD22421118A9E00A926AD = {
			isa = PBXGroup;
			children = (
				048CD24721118FA600A926AD /* Home */,
				048CD24421118F4D00A926AD /* Picture */,
				048CD22F21118A9E00A926AD /* newshopapp */,
				048CD22E21118A9E00A926AD /* Products */,
			);
			sourceTree = "<group>";
		};
		048CD22E21118A9E00A926AD /* Products */ = {
			isa = PBXGroup;
			children = (
				048CD22D21118A9E00A926AD /* newshopapp.app */,
			);
			name = Products;
			sourceTree = "<group>";
		};
		048CD22F21118A9E00A926AD /* newshopapp */ = {
			isa = PBXGroup;
			children = (
				048CD23021118A9E00A926AD /* AppDelegate.swift */,
				048CD23221118A9E00A926AD /* ViewController.swift */,
				048CD23421118A9E00A926AD /* Main.storyboard */,
				048CD23721118A9E00A926AD /* Assets.xcassets */,
				048CD23921118A9E00A926AD /* LaunchScreen.storyboard */,
				048CD23C21118A9E00A926AD /* Info.plist */,
			);
			path = newshopapp;
			sourceTree = "<group>";
		};
		048CD24421118F4D00A926AD /* Picture */ = {
			isa = PBXGroup;
			children = (
				048CD24521118F7000A926AD /* TableViewCell.swift */,
			);
			path = Picture;
			sourceTree = "<group>";
		};
		048CD24721118FA600A926AD /* Home */ = {
			isa = PBXGroup;
			children = (
				048CD24A2111903600A926AD /* if_6_2300997.png */,
				048CD24821118FEC00A926AD /* placeholder-filled-point.png */,
			);
			path = Home;
			sourceTree = "<group>";
		};
/* End PBXGroup section */

/* Begin PBXNativeTarget section */
		048CD22C21118A9E00A926AD /* newshopapp */ = {
			isa = PBXNativeTarget;
			buildConfigurationList = 048CD23F21118A9E00A926AD /* Build configuration list for PBXNativeTarget "newshopapp" */;
			buildPhases = (
				048CD22921118A9E00A926AD /* Sources */,
				048CD22A21118A9E00A926AD /* Frameworks */,
				048CD22B21118A9E00A926AD /* Resources */,
			);
			buildRules = (
			);
			dependencies = (
			);
			name = newshopapp;
			productName = newshopapp;
			productReference = 048CD22D21118A9E00A926AD /* newshopapp.app */;
			productType = "com.apple.product-type.application";
		};
/* End PBXNativeTarget section */

/* Begin PBXProject section */
		048CD22521118A9E00A926AD /* Project object */ = {
			isa = PBXProject;
			attributes = {
				LastSwiftUpdateCheck = 0920;
				LastUpgradeCheck = 0920;
				ORGANIZATIONNAME = mac;
				TargetAttributes = {
					048CD22C21118A9E00A926AD = {
						CreatedOnToolsVersion = 9.2;
						ProvisioningStyle = Automatic;
					};
				};
			};
			buildConfigurationList = 048CD22821118A9E00A926AD /* Build configuration list for PBXProject "newshopapp" */;
			compatibilityVersion = "Xcode 8.0";
			developmentRegion = en;
			hasScannedForEncodings = 0;
			knownRegions = (
				en,
				Base,
			);
			mainGroup = 048CD22421118A9E00A926AD;
			productRefGroup = 048CD22E21118A9E00A926AD /* Products */;
			projectDirPath = "";
			projectRoot = "";
			targets = (
				048CD22C21118A9E00A926AD /* newshopapp */,
			);
		};
/* End PBXProject section */

/* Begin PBXResourcesBuildPhase section */
		048CD22B21118A9E00A926AD /* Resources */ = {
			isa = PBXResourcesBuildPhase;
			buildActionMask = 2147483647;
			files = (
				048CD23B21118A9E00A926AD /* LaunchScreen.storyboard in Resources */,
				048CD23821118A9E00A926AD /* Assets.xcassets in Resources */,
				048CD24921118FEC00A926AD /* placeholder-filled-point.png in Resources */,
				048CD23621118A9E00A926AD /* Main.storyboard in Resources */,
				048CD24B2111903600A926AD /* if_6_2300997.png in Resources */,
			);
			runOnlyForDeploymentPostprocessing = 0;
		};
/* End PBXResourcesBuildPhase section */

/* Begin PBXSourcesBuildPhase section */
		048CD22921118A9E00A926AD /* Sources */ = {
			isa = PBXSourcesBuildPhase;
			buildActionMask = 2147483647;
			files = (
				048CD24621118F7000A926AD /* TableViewCell.swift in Sources */,
				048CD23321118A9E00A926AD /* ViewController.swift in Sources */,
				048CD23121118A9E00A926AD /* AppDelegate.swift in Sources */,
			);
			runOnlyForDeploymentPostprocessing = 0;
		};
/* End PBXSourcesBuildPhase section */

/* Begin PBXVariantGroup section */
		048CD23421118A9E00A926AD /* Main.storyboard */ = {
			isa = PBXVariantGroup;
			children = (
				048CD23521118A9E00A926AD /* Base */,
			);
			name = Main.storyboard;
			sourceTree = "<group>";
		};
		048CD23921118A9E00A926AD /* LaunchScreen.storyboard */ = {
			isa = PBXVariantGroup;
			children = (
				048CD23A21118A9E00A926AD /* Base */,
			);
			name = LaunchScreen.storyboard;
			sourceTree = "<group>";
		};
/* End PBXVariantGroup section */

/* Begin XCBuildConfiguration section */
		048CD23D21118A9E00A926AD /* Debug */ = {
			isa = XCBuildConfiguration;
			buildSettings = {
				ALWAYS_SEARCH_USER_PATHS = NO;
				CLANG_ANALYZER_NONNULL = YES;
				CLANG_ANALYZER_NUMBER_OBJECT_CONVERSION = YES_AGGRESSIVE;
				CLANG_CXX_LANGUAGE_STANDARD = "gnu++14";
				CLANG_CXX_LIBRARY = "libc++";
				CLANG_ENABLE_MODULES = YES;
				CLANG_ENABLE_OBJC_ARC = YES;
				CLANG_WARN_BLOCK_CAPTURE_AUTORELEASING = YES;
				CLANG_WARN_BOOL_CONVERSION = YES;
				CLANG_WARN_COMMA = YES;
				CLANG_WARN_CONSTANT_CONVERSION = YES;
				CLANG_WARN_DIRECT_OBJC_ISA_USAGE = YES_ERROR;
				CLANG_WARN_DOCUMENTATION_COMMENTS = YES;
				CLANG_WARN_EMPTY_BODY = YES;
				CLANG_WARN_ENUM_CONVERSION = YES;
				CLANG_WARN_INFINITE_RECURSION = YES;
				CLANG_WARN_INT_CONVERSION = YES;
				CLANG_WARN_NON_LITERAL_NULL_CONVERSION = YES;
				CLANG_WARN_OBJC_LITERAL_CONVERSION = YES;
				CLANG_WARN_OBJC_ROOT_CLASS = YES_ERROR;
				CLANG_WARN_RANGE_LOOP_ANALYSIS = YES;
				CLANG_WARN_STRICT_PROTOTYPES = YES;
				CLANG_WARN_SUSPICIOUS_MOVE = YES;
				CLANG_WARN_UNGUARDED_AVAILABILITY = YES_AGGRESSIVE;
				CLANG_WARN_UNREACHABLE_CODE = YES;
				CLANG_WARN__DUPLICATE_METHOD_MATCH = YES;
				CODE_SIGN_IDENTITY = "iPhone Developer";
				COPY_PHASE_STRIP = NO;
				DEBUG_INFORMATION_FORMAT = dwarf;
				ENABLE_STRICT_OBJC_MSGSEND = YES;
				ENABLE_TESTABILITY = YES;
				GCC_C_LANGUAGE_STANDARD = gnu11;
				GCC_DYNAMIC_NO_PIC = NO;
				GCC_NO_COMMON_BLOCKS = YES;
				GCC_OPTIMIZATION_LEVEL = 0;
				GCC_PREPROCESSOR_DEFINITIONS = (
					"DEBUG=1",
					"$(inherited)",
				);
				GCC_WARN_64_TO_32_BIT_CONVERSION = YES;
				GCC_WARN_ABOUT_RETURN_TYPE = YES_ERROR;
				GCC_WARN_UNDECLARED_SELECTOR = YES;
				GCC_WARN_UNINITIALIZED_AUTOS = YES_AGGRESSIVE;
				GCC_WARN_UNUSED_FUNCTION = YES;
				GCC_WARN_UNUSED_VARIABLE = YES;
				IPHONEOS_DEPLOYMENT_TARGET = 11.2;
				MTL_ENABLE_DEBUG_INFO = YES;
				ONLY_ACTIVE_ARCH = YES;
				SDKROOT = iphoneos;
				SWIFT_ACTIVE_COMPILATION_CONDITIONS = DEBUG;
				SWIFT_OPTIMIZATION_LEVEL = "-Onone";
			};
			name = Debug;
		};
		048CD23E21118A9E00A926AD /* Release */ = {
			isa = XCBuildConfiguration;
			buildSettings = {
				ALWAYS_SEARCH_USER_PATHS = NO;
				CLANG_ANALYZER_NONNULL = YES;
				CLANG_ANALYZER_NUMBER_OBJECT_CONVERSION = YES_AGGRESSIVE;
				CLANG_CXX_LANGUAGE_STANDARD = "gnu++14";
				CLANG_CXX_LIBRARY = "libc++";
				CLANG_ENABLE_MODULES = YES;
				CLANG_ENABLE_OBJC_ARC = YES;
				CLANG_WARN_BLOCK_CAPTURE_AUTORELEASING = YES;
				CLANG_WARN_BOOL_CONVERSION = YES;
				CLANG_WARN_COMMA = YES;
				CLANG_WARN_CONSTANT_CONVERSION = YES;
				CLANG_WARN_DIRECT_OBJC_ISA_USAGE = YES_ERROR;
				CLANG_WARN_DOCUMENTATION_COMMENTS = YES;
				CLANG_WARN_EMPTY_BODY = YES;
				CLANG_WARN_ENUM_CONVERSION = YES;
				CLANG_WARN_INFINITE_RECURSION = YES;
				CLANG_WARN_INT_CONVERSION = YES;
				CLANG_WARN_NON_LITERAL_NULL_CONVERSION = YES;
				CLANG_WARN_OBJC_LITERAL_CONVERSION = YES;
				CLANG_WARN_OBJC_ROOT_CLASS = YES_ERROR;
				CLANG_WARN_RANGE_LOOP_ANALYSIS = YES;
				CLANG_WARN_STRICT_PROTOTYPES = YES;
				CLANG_WARN_SUSPICIOUS_MOVE = YES;
				CLANG_WARN_UNGUARDED_AVAILABILITY = YES_AGGRESSIVE;
				CLANG_WARN_UNREACHABLE_CODE = YES;
				CLANG_WARN__DUPLICATE_METHOD_MATCH = YES;
				CODE_SIGN_IDENTITY = "iPhone Developer";
				COPY_PHASE_STRIP = NO;
				DEBUG_INFORMATION_FORMAT = "dwarf-with-dsym";
				ENABLE_NS_ASSERTIONS = NO;
				ENABLE_STRICT_OBJC_MSGSEND = YES;
				GCC_C_LANGUAGE_STANDARD = gnu11;
				GCC_NO_COMMON_BLOCKS = YES;
				GCC_WARN_64_TO_32_BIT_CONVERSION = YES;
				GCC_WARN_ABOUT_RETURN_TYPE = YES_ERROR;
				GCC_WARN_UNDECLARED_SELECTOR = YES;
				GCC_WARN_UNINITIALIZED_AUTOS = YES_AGGRESSIVE;
				GCC_WARN_UNUSED_FUNCTION = YES;
				GCC_WARN_UNUSED_VARIABLE = YES;
				IPHONEOS_DEPLOYMENT_TARGET = 11.2;
				MTL_ENABLE_DEBUG_INFO = NO;
				SDKROOT = iphoneos;
				SWIFT_OPTIMIZATION_LEVEL = "-Owholemodule";
				VALIDATE_PRODUCT = YES;
			};
			name = Release;
		};
		048CD24021118A9E00A926AD /* Debug */ = {
			isa = XCBuildConfiguration;
			buildSettings = {
				ASSETCATALOG_COMPILER_APPICON_NAME = AppIcon;
				CODE_SIGN_STYLE = Automatic;
				INFOPLIST_FILE = newshopapp/Info.plist;
				LD_RUNPATH_SEARCH_PATHS = "$(inherited) @executable_path/Frameworks";
				PRODUCT_BUNDLE_IDENTIFIER = "-33.newshopapp";
				PRODUCT_NAME = "$(TARGET_NAME)";
				SWIFT_VERSION = 4.0;
				TARGETED_DEVICE_FAMILY = "1,2";
			};
			name = Debug;
		};
		048CD24121118A9E00A926AD /* Release */ = {
			isa = XCBuildConfiguration;
			buildSettings = {
				ASSETCATALOG_COMPILER_APPICON_NAME = AppIcon;
				CODE_SIGN_STYLE = Automatic;
				INFOPLIST_FILE = newshopapp/Info.plist;
				LD_RUNPATH_SEARCH_PATHS = "$(inherited) @executable_path/Frameworks";
				PRODUCT_BUNDLE_IDENTIFIER = "-33.newshopapp";
				PRODUCT_NAME = "$(TARGET_NAME)";
				SWIFT_VERSION = 4.0;
				TARGETED_DEVICE_FAMILY = "1,2";
			};
			name = Release;
		};
/* End XCBuildConfiguration section */

/* Begin XCConfigurationList section */
		048CD22821118A9E00A926AD /* Build configuration list for PBXProject "newshopapp" */ = {
			isa = XCConfigurationList;
			buildConfigurations = (
				048CD23D21118A9E00A926AD /* Debug */,
				048CD23E21118A9E00A926AD /* Release */,
			);
			defaultConfigurationIsVisible = 0;
			defaultConfigurationName = Release;
		};
		048CD23F21118A9E00A926AD /* Build configuration list for PBXNativeTarget "newshopapp" */ = {
			isa = XCConfigurationList;
			buildConfigurations = (
				048CD24021118A9E00A926AD /* Debug */,
				048CD24121118A9E00A926AD /* Release */,
			);
			defaultConfigurationIsVisible = 0;
			defaultConfigurationName = Release;
		};
/* End XCConfigurationList section */
	};
	rootObject = 048CD22521118A9E00A926AD /* Project object */;
}
